{
  "pins" : [
    {
      "identity" : "amplify-swift",
      "kind" : "remoteSourceControl",
      "location" : "https://github.com/Siip-Development/amplify-swift",
      "state" : {
        "revision" : "39bf5c9ab7ddc3f1eac33f70bcb2e013e21619dd",
        "version" : "2.47.0-custom-v3"
      }
    },
    {
      "identity" : "amplify-swift-utils-notifications",
      "kind" : "remoteSourceControl",
      "location" : "https://github.com/aws-amplify/amplify-swift-utils-notifications.git",
      "state" : {
        "revision" : "959eec669ba97c7d923b963c3e66ca8a0b2737f6",
        "version" : "1.1.1"
      }
    },
    {
      "identity" : "aws-crt-swift",
      "kind" : "remoteSourceControl",
      "location" : "https://github.com/awslabs/aws-crt-swift",
      "state" : {
        "revision" : "5be6550f81c760cceb0a43c30d4149ac55c5640c",
        "version" : "0.52.1"
      }
    },
    {
      "identity" : "aws-sdk-swift",
      "kind" : "remoteSourceControl",
      "location" : "https://github.com/Siip-Development/aws-sdk-swift",
      "state" : {
        "revision" : "65926e46ac667e6ebd4b1afa68a9365e57e2045e",
        "version" : "1.3.14"
      }
    },
    {
      "identity" : "smithy-swift",
      "kind" : "remoteSourceControl",
      "location" : "https://github.com/Siip-Development/smithy-swift",
      "state" : {
        "revision" : "26773482c905208724ceca8ab551ca5ea7ce6cb0",
        "version" : "0.130.1"
      }
    },
    {
      "identity" : "sqlite.swift",
      "kind" : "remoteSourceControl",
      "location" : "https://github.com/stephencelis/SQLite.swift.git",
      "state" : {
        "revision" : "a95fc6df17d108bd99210db5e8a9bac90fe984b8",
        "version" : "0.15.3"
      }
    },
    {
      "identity" : "swift-argument-parser",
      "kind" : "remoteSourceControl",
      "location" : "https://github.com/apple/swift-argument-parser.git",
      "state" : {
        "revision" : "41982a3656a71c768319979febd796c6fd111d5c",
        "version" : "1.5.0"
      }
    }
  ],
  "version" : 2
}
